// !$*UTF8*$!
{
	archiveVersion = 1;
	classes = {
	};
	objectVersion = 46;
	objects = {

/* Begin PBXBuildFile section */
		EB1A68CC1C0016830007A40C /* AppDelegate.swift in Sources */ = {isa = PBXBuildFile; fileRef = EB1A68CB1C0016830007A40C /* AppDelegate.swift */; };
		EB1A68CE1C0016830007A40C /* ViewController.swift in Sources */ = {isa = PBXBuildFile; fileRef = EB1A68CD1C0016830007A40C /* ViewController.swift */; };
		EB1A68D11C0016830007A40C /* Main.storyboard in Resources */ = {isa = PBXBuildFile; fileRef = EB1A68CF1C0016830007A40C /* Main.storyboard */; };
		EB1A68D31C0016830007A40C /* Assets.xcassets in Resources */ = {isa = PBXBuildFile; fileRef = EB1A68D21C0016830007A40C /* Assets.xcassets */; };
		EB1A68D61C0016830007A40C /* LaunchScreen.storyboard in Resources */ = {isa = PBXBuildFile; fileRef = EB1A68D41C0016830007A40C /* LaunchScreen.storyboard */; };
		EB1A68DE1C0016AF0007A40C /* MTAutoLayout.swift in Sources */ = {isa = PBXBuildFile; fileRef = EB1A68DD1C0016AF0007A40C /* MTAutoLayout.swift */; };
		EB1A68E01C012BE60007A40C /* UIButtonExtension.swift in Sources */ = {isa = PBXBuildFile; fileRef = EB1A68DF1C012BE60007A40C /* UIButtonExtension.swift */; };
		EB1A68E21C0133640007A40C /* MTAutoLayout_Outer.swift in Sources */ = {isa = PBXBuildFile; fileRef = EB1A68E11C0133640007A40C /* MTAutoLayout_Outer.swift */; };
		EB1A68E41C017AF90007A40C /* MTAutoLayoutSplitView.swift in Sources */ = {isa = PBXBuildFile; fileRef = EB1A68E31C017AF90007A40C /* MTAutoLayoutSplitView.swift */; };
		EB1A68E61C0182C10007A40C /* ViewController2.swift in Sources */ = {isa = PBXBuildFile; fileRef = EB1A68E51C0182C10007A40C /* ViewController2.swift */; };
/* End PBXBuildFile section */

/* Begin PBXFileReference section */
		EB1A68C81C0016830007A40C /* MTAutoLayout.app */ = {isa = PBXFileReference; explicitFileType = wrapper.application; includeInIndex = 0; path = MTAutoLayout.app; sourceTree = BUILT_PRODUCTS_DIR; };
		EB1A68CB1C0016830007A40C /* AppDelegate.swift */ = {isa = PBXFileReference; lastKnownFileType = sourcecode.swift; path = AppDelegate.swift; sourceTree = "<group>"; };
		EB1A68CD1C0016830007A40C /* ViewController.swift */ = {isa = PBXFileReference; lastKnownFileType = sourcecode.swift; path = ViewController.swift; sourceTree = "<group>"; };
		EB1A68D01C0016830007A40C /* Base */ = {isa = PBXFileReference; lastKnownFileType = file.storyboard; name = Base; path = Base.lproj/Main.storyboard; sourceTree = "<group>"; };
		EB1A68D21C0016830007A40C /* Assets.xcassets */ = {isa = PBXFileReference; lastKnownFileType = folder.assetcatalog; path = Assets.xcassets; sourceTree = "<group>"; };
		EB1A68D51C0016830007A40C /* Base */ = {isa = PBXFileReference; lastKnownFileType = file.storyboard; name = Base; path = Base.lproj/LaunchScreen.storyboard; sourceTree = "<group>"; };
		EB1A68D71C0016830007A40C /* Info.plist */ = {isa = PBXFileReference; lastKnownFileType = text.plist.xml; path = Info.plist; sourceTree = "<group>"; };
		EB1A68DD1C0016AF0007A40C /* MTAutoLayout.swift */ = {isa = PBXFileReference; fileEncoding = 4; lastKnownFileType = sourcecode.swift; path = MTAutoLayout.swift; sourceTree = "<group>"; };
		EB1A68DF1C012BE60007A40C /* UIButtonExtension.swift */ = {isa = PBXFileReference; fileEncoding = 4; lastKnownFileType = sourcecode.swift; path = UIButtonExtension.swift; sourceTree = "<group>"; };
		EB1A68E11C0133640007A40C /* MTAutoLayout_Outer.swift */ = {isa = PBXFileReference; fileEncoding = 4; lastKnownFileType = sourcecode.swift; path = MTAutoLayout_Outer.swift; sourceTree = "<group>"; };
		EB1A68E31C017AF90007A40C /* MTAutoLayoutSplitView.swift */ = {isa = PBXFileReference; fileEncoding = 4; lastKnownFileType = sourcecode.swift; path = MTAutoLayoutSplitView.swift; sourceTree = "<group>"; };
		EB1A68E51C0182C10007A40C /* ViewController2.swift */ = {isa = PBXFileReference; fileEncoding = 4; lastKnownFileType = sourcecode.swift; path = ViewController2.swift; sourceTree = "<group>"; };
/* End PBXFileReference section */

/* Begin PBXFrameworksBuildPhase section */
		EB1A68C51C0016830007A40C /* Frameworks */ = {
			isa = PBXFrameworksBuildPhase;
			buildActionMask = 2147483647;
			files = (
			);
			runOnlyForDeploymentPostprocessing = 0;
		};
/* End PBXFrameworksBuildPhase section */

/* Begin PBXGroup section */
		EB1A68BF1C0016830007A40C = {
			isa = PBXGroup;
			children = (
				EB1A68CA1C0016830007A40C /* MTAutoLayout */,
				EB1A68C91C0016830007A40C /* Products */,
			);
			sourceTree = "<group>";
		};
		EB1A68C91C0016830007A40C /* Products */ = {
			isa = PBXGroup;
			children = (
				EB1A68C81C0016830007A40C /* MTAutoLayout.app */,
			);
			name = Products;
			sourceTree = "<group>";
		};
		EB1A68CA1C0016830007A40C /* MTAutoLayout */ = {
			isa = PBXGroup;
			children = (
				EB1A68CB1C0016830007A40C /* AppDelegate.swift */,
				EB1A68CD1C0016830007A40C /* ViewController.swift */,
				EB1A68E51C0182C10007A40C /* ViewController2.swift */,
				EB1A68DF1C012BE60007A40C /* UIButtonExtension.swift */,
				EB1A68DD1C0016AF0007A40C /* MTAutoLayout.swift */,
				EB1A68E11C0133640007A40C /* MTAutoLayout_Outer.swift */,
				EB1A68E31C017AF90007A40C /* MTAutoLayoutSplitView.swift */,
				EB1A68CF1C0016830007A40C /* Main.storyboard */,
				EB1A68D21C0016830007A40C /* Assets.xcassets */,
				EB1A68D41C0016830007A40C /* LaunchScreen.storyboard */,
				EB1A68D71C0016830007A40C /* Info.plist */,
			);
			path = MTAutoLayout;
			sourceTree = "<group>";
		};
/* End PBXGroup section */

/* Begin PBXNativeTarget section */
		EB1A68C71C0016830007A40C /* MTAutoLayout */ = {
			isa = PBXNativeTarget;
			buildConfigurationList = EB1A68DA1C0016830007A40C /* Build configuration list for PBXNativeTarget "MTAutoLayout" */;
			buildPhases = (
				EB1A68C41C0016830007A40C /* Sources */,
				EB1A68C51C0016830007A40C /* Frameworks */,
				EB1A68C61C0016830007A40C /* Resources */,
			);
			buildRules = (
			);
			dependencies = (
			);
			name = MTAutoLayout;
			productName = MTAutoLayout;
			productReference = EB1A68C81C0016830007A40C /* MTAutoLayout.app */;
			productType = "com.apple.product-type.application";
		};
/* End PBXNativeTarget section */

/* Begin PBXProject section */
		EB1A68C01C0016830007A40C /* Project object */ = {
			isa = PBXProject;
			attributes = {
				LastSwiftUpdateCheck = 0710;
				LastUpgradeCheck = 0710;
				ORGANIZATIONNAME = "Minh Thang";
				TargetAttributes = {
					EB1A68C71C0016830007A40C = {
						CreatedOnToolsVersion = 7.1;
					};
				};
			};
			buildConfigurationList = EB1A68C31C0016830007A40C /* Build configuration list for PBXProject "MTAutoLayout" */;
			compatibilityVersion = "Xcode 3.2";
			developmentRegion = English;
			hasScannedForEncodings = 0;
			knownRegions = (
				en,
				Base,
			);
			mainGroup = EB1A68BF1C0016830007A40C;
			productRefGroup = EB1A68C91C0016830007A40C /* Products */;
			projectDirPath = "";
			projectRoot = "";
			targets = (
				EB1A68C71C0016830007A40C /* MTAutoLayout */,
			);
		};
/* End PBXProject section */

/* Begin PBXResourcesBuildPhase section */
		EB1A68C61C0016830007A40C /* Resources */ = {
			isa = PBXResourcesBuildPhase;
			buildActionMask = 2147483647;
			files = (
				EB1A68D61C0016830007A40C /* LaunchScreen.storyboard in Resources */,
				EB1A68D31C0016830007A40C /* Assets.xcassets in Resources */,
				EB1A68D11C0016830007A40C /* Main.storyboard in Resources */,
			);
			runOnlyForDeploymentPostprocessing = 0;
		};
/* End PBXResourcesBuildPhase section */

/* Begin PBXSourcesBuildPhase section */
		EB1A68C41C0016830007A40C /* Sources */ = {
			isa = PBXSourcesBuildPhase;
			buildActionMask = 2147483647;
			files = (
				EB1A68E61C0182C10007A40C /* ViewController2.swift in Sources */,
				EB1A68CE1C0016830007A40C /* ViewController.swift in Sources */,
				EB1A68E41C017AF90007A40C /* MTAutoLayoutSplitView.swift in Sources */,
				EB1A68E01C012BE60007A40C /* UIButtonExtension.swift in Sources */,
				EB1A68E21C0133640007A40C /* MTAutoLayout_Outer.swift in Sources */,
				EB1A68DE1C0016AF0007A40C /* MTAutoLayout.swift in Sources */,
				EB1A68CC1C0016830007A40C /* AppDelegate.swift in Sources */,
			);
			runOnlyForDeploymentPostprocessing = 0;
		};
/* End PBXSourcesBuildPhase section */

/* Begin PBXVariantGroup section */
		EB1A68CF1C0016830007A40C /* Main.storyboard */ = {
			isa = PBXVariantGroup;
			children = (
				EB1A68D01C0016830007A40C /* Base */,
			);
			name = Main.storyboard;
			sourceTree = "<group>";
		};
		EB1A68D41C0016830007A40C /* LaunchScreen.storyboard */ = {
			isa = PBXVariantGroup;
			children = (
				EB1A68D51C0016830007A40C /* Base */,
			);
			name = LaunchScreen.storyboard;
			sourceTree = "<group>";
		};
/* End PBXVariantGroup section */

/* Begin XCBuildConfiguration section */
		EB1A68D81C0016830007A40C /* Debug */ = {
			isa = XCBuildConfiguration;
			buildSettings = {
				ALWAYS_SEARCH_USER_PATHS = NO;
				CLANG_CXX_LANGUAGE_STANDARD = "gnu++0x";
				CLANG_CXX_LIBRARY = "libc++";
				CLANG_ENABLE_MODULES = YES;
				CLANG_ENABLE_OBJC_ARC = YES;
				CLANG_WARN_BOOL_CONVERSION = YES;
				CLANG_WARN_CONSTANT_CONVERSION = YES;
				CLANG_WARN_DIRECT_OBJC_ISA_USAGE = YES_ERROR;
				CLANG_WARN_EMPTY_BODY = YES;
				CLANG_WARN_ENUM_CONVERSION = YES;
				CLANG_WARN_INT_CONVERSION = YES;
				CLANG_WARN_OBJC_ROOT_CLASS = YES_ERROR;
				CLANG_WARN_UNREACHABLE_CODE = YES;
				CLANG_WARN__DUPLICATE_METHOD_MATCH = YES;
				"CODE_SIGN_IDENTITY[sdk=iphoneos*]" = "iPhone Developer";
				COPY_PHASE_STRIP = NO;
				DEBUG_INFORMATION_FORMAT = dwarf;
				ENABLE_STRICT_OBJC_MSGSEND = YES;
				ENABLE_TESTABILITY = YES;
				GCC_C_LANGUAGE_STANDARD = gnu99;
				GCC_DYNAMIC_NO_PIC = NO;
				GCC_NO_COMMON_BLOCKS = YES;
				GCC_OPTIMIZATION_LEVEL = 0;
				GCC_PREPROCESSOR_DEFINITIONS = (
					"DEBUG=1",
					"$(inherited)",
				);
				GCC_WARN_64_TO_32_BIT_CONVERSION = YES;
				GCC_WARN_ABOUT_RETURN_TYPE = YES_ERROR;
				GCC_WARN_UNDECLARED_SELECTOR = YES;
				GCC_WARN_UNINITIALIZED_AUTOS = YES_AGGRESSIVE;
				GCC_WARN_UNUSED_FUNCTION = YES;
				GCC_WARN_UNUSED_VARIABLE = YES;
				IPHONEOS_DEPLOYMENT_TARGET = 9.1;
				MTL_ENABLE_DEBUG_INFO = YES;
				ONLY_ACTIVE_ARCH = YES;
				SDKROOT = iphoneos;
				SWIFT_OPTIMIZATION_LEVEL = "-Onone";
				TARGETED_DEVICE_FAMILY = "1,2";
			};
			name = Debug;
		};
		EB1A68D91C0016830007A40C /* Release */ = {
			isa = XCBuildConfiguration;
			buildSettings = {
				ALWAYS_SEARCH_USER_PATHS = NO;
				CLANG_CXX_LANGUAGE_STANDARD = "gnu++0x";
				CLANG_CXX_LIBRARY = "libc++";
				CLANG_ENABLE_MODULES = YES;
				CLANG_ENABLE_OBJC_ARC = YES;
				CLANG_WARN_BOOL_CONVERSION = YES;
				CLANG_WARN_CONSTANT_CONVERSION = YES;
				CLANG_WARN_DIRECT_OBJC_ISA_USAGE = YES_ERROR;
				CLANG_WARN_EMPTY_BODY = YES;
				CLANG_WARN_ENUM_CONVERSION = YES;
				CLANG_WARN_INT_CONVERSION = YES;
				CLANG_WARN_OBJC_ROOT_CLASS = YES_ERROR;
				CLANG_WARN_UNREACHABLE_CODE = YES;
				CLANG_WARN__DUPLICATE_METHOD_MATCH = YES;
				"CODE_SIGN_IDENTITY[sdk=iphoneos*]" = "iPhone Developer";
				COPY_PHASE_STRIP = NO;
				DEBUG_INFORMATION_FORMAT = "dwarf-with-dsym";
				ENABLE_NS_ASSERTIONS = NO;
				ENABLE_STRICT_OBJC_MSGSEND = YES;
				GCC_C_LANGUAGE_STANDARD = gnu99;
				GCC_NO_COMMON_BLOCKS = YES;
				GCC_WARN_64_TO_32_BIT_CONVERSION = YES;
				GCC_WARN_ABOUT_RETURN_TYPE = YES_ERROR;
				GCC_WARN_UNDECLARED_SELECTOR = YES;
				GCC_WARN_UNINITIALIZED_AUTOS = YES_AGGRESSIVE;
				GCC_WARN_UNUSED_FUNCTION = YES;
				GCC_WARN_UNUSED_VARIABLE = YES;
				IPHONEOS_DEPLOYMENT_TARGET = 9.1;
				MTL_ENABLE_DEBUG_INFO = NO;
				SDKROOT = iphoneos;
				TARGETED_DEVICE_FAMILY = "1,2";
				VALIDATE_PRODUCT = YES;
			};
			name = Release;
		};
		EB1A68DB1C0016830007A40C /* Debug */ = {
			isa = XCBuildConfiguration;
			buildSettings = {
				ASSETCATALOG_COMPILER_APPICON_NAME = AppIcon;
				CODE_SIGN_IDENTITY = "iPhone Developer";
				INFOPLIST_FILE = MTAutoLayout/Info.plist;
				LD_RUNPATH_SEARCH_PATHS = "$(inherited) @executable_path/Frameworks";
				PRODUCT_BUNDLE_IDENTIFIER = test.MTAutoLayout;
				PRODUCT_NAME = "$(TARGET_NAME)";
			};
			name = Debug;
		};
		EB1A68DC1C0016830007A40C /* Release */ = {
			isa = XCBuildConfiguration;
			buildSettings = {
				ASSETCATALOG_COMPILER_APPICON_NAME = AppIcon;
				CODE_SIGN_IDENTITY = "iPhone Developer";
				INFOPLIST_FILE = MTAutoLayout/Info.plist;
				LD_RUNPATH_SEARCH_PATHS = "$(inherited) @executable_path/Frameworks";
				PRODUCT_BUNDLE_IDENTIFIER = test.MTAutoLayout;
				PRODUCT_NAME = "$(TARGET_NAME)";
			};
			name = Release;
		};
/* End XCBuildConfiguration section */

/* Begin XCConfigurationList section */
		EB1A68C31C0016830007A40C /* Build configuration list for PBXProject "MTAutoLayout" */ = {
			isa = XCConfigurationList;
			buildConfigurations = (
				EB1A68D81C0016830007A40C /* Debug */,
				EB1A68D91C0016830007A40C /* Release */,
			);
			defaultConfigurationIsVisible = 0;
			defaultConfigurationName = Release;
		};
		EB1A68DA1C0016830007A40C /* Build configuration list for PBXNativeTarget "MTAutoLayout" */ = {
			isa = XCConfigurationList;
			buildConfigurations = (
				EB1A68DB1C0016830007A40C /* Debug */,
				EB1A68DC1C0016830007A40C /* Release */,
			);
			defaultConfigurationIsVisible = 0;
		};
/* End XCConfigurationList section */
	};
	rootObject = EB1A68C01C0016830007A40C /* Project object */;
}
